// !$*UTF8*$!
{
	archiveVersion = 1;
	classes = {
	};
	objectVersion = 77;
	objects = {

/* Begin PBXBuildFile section */
		2B522A362FCE88E700753698 /* WidgetKit.framework in Frameworks */ = {isa = PBXBuildFile; fileRef = 2B522A1B2FCE888D00753698 /* WidgetKit.framework */; };
		2B522A372FCE88E700753698 /* SwiftUI.framework in Frameworks */ = {isa = PBXBuildFile; fileRef = 2B522A1D2FCE888D00753698 /* SwiftUI.framework */; };
		2B522A422FCE88E800753698 /* HackerReaderWidgetExtension.appex in Embed Foundation Extensions */ = {isa = PBXBuildFile; fileRef = 2B522A352FCE88E700753698 /* HackerReaderWidgetExtension.appex */; settings = {ATTRIBUTES = (RemoveHeadersOnCopy, ); }; };
		2B522A502FCF4C2200753698 /* ContainerConstruction.swift in Sources */ = {isa = PBXBuildFile; fileRef = 2B522A4F2FCF4C1D00753698 /* ContainerConstruction.swift */; };
		2B522A512FCF4E1500753698 /* ContainerConstruction.swift in Sources */ = {isa = PBXBuildFile; fileRef = 2B522A4F2FCF4C1D00753698 /* ContainerConstruction.swift */; };
/* End PBXBuildFile section */

/* Begin PBXContainerItemProxy section */
		2B4309952FD09A6F004B5EBF /* PBXContainerItemProxy */ = {
			isa = PBXContainerItemProxy;
			containerPortal = 2B833C482FC1F4F70006C2CB /* Project object */;
			proxyType = 1;
			remoteGlobalIDString = 2B833C4F2FC1F4F70006C2CB;
			remoteInfo = HackerReader;
		};
		2B522A402FCE88E800753698 /* PBXContainerItemProxy */ = {
			isa = PBXContainerItemProxy;
			containerPortal = 2B833C482FC1F4F70006C2CB /* Project object */;
			proxyType = 1;
			remoteGlobalIDString = 2B522A342FCE88E700753698;
			remoteInfo = HackerReaderWidgetExtension;
		};
/* End PBXContainerItemProxy section */

/* Begin PBXCopyFilesBuildPhase section */
		2B522A302FCE888E00753698 /* Embed Foundation Extensions */ = {
			isa = PBXCopyFilesBuildPhase;
			buildActionMask = 2147483647;
			dstPath = "";
			dstSubfolderSpec = 13;
			files = (
				2B522A422FCE88E800753698 /* HackerReaderWidgetExtension.appex in Embed Foundation Extensions */,
			);
			name = "Embed Foundation Extensions";
			runOnlyForDeploymentPostprocessing = 0;
		};
/* End PBXCopyFilesBuildPhase section */

/* Begin PBXFileReference section */
		2B43098C2FCF9DD7004B5EBF /* HackerReaderWidgetExtension.entitlements */ = {isa = PBXFileReference; lastKnownFileType = text.plist.entitlements; path = HackerReaderWidgetExtension.entitlements; sourceTree = "<group>"; };
		2B4309912FD09A6F004B5EBF /* HackerReaderTests.xctest */ = {isa = PBXFileReference; explicitFileType = wrapper.cfbundle; includeInIndex = 0; path = HackerReaderTests.xctest; sourceTree = BUILT_PRODUCTS_DIR; };
		2B522A1B2FCE888D00753698 /* WidgetKit.framework */ = {isa = PBXFileReference; lastKnownFileType = wrapper.framework; name = WidgetKit.framework; path = /System/Library/Frameworks/WidgetKit.framework; sourceTree = "<absolute>"; };
		2B522A1D2FCE888D00753698 /* SwiftUI.framework */ = {isa = PBXFileReference; lastKnownFileType = wrapper.framework; name = SwiftUI.framework; path = /System/Library/Frameworks/SwiftUI.framework; sourceTree = "<absolute>"; };
		2B522A352FCE88E700753698 /* HackerReaderWidgetExtension.appex */ = {isa = PBXFileReference; explicitFileType = "wrapper.app-extension"; includeInIndex = 0; path = HackerReaderWidgetExtension.appex; sourceTree = BUILT_PRODUCTS_DIR; };
		2B522A4F2FCF4C1D00753698 /* ContainerConstruction.swift */ = {isa = PBXFileReference; lastKnownFileType = sourcecode.swift; path = ContainerConstruction.swift; sourceTree = "<group>"; };
		2B833C502FC1F4F70006C2CB /* HackerReader.app */ = {isa = PBXFileReference; explicitFileType = wrapper.application; includeInIndex = 0; path = HackerReader.app; sourceTree = BUILT_PRODUCTS_DIR; };
/* End PBXFileReference section */

/* Begin PBXFileSystemSynchronizedBuildFileExceptionSet section */
		2B43099B2FD09ED1004B5EBF /* Exceptions for "HackerReader" folder in "HackerReaderTests" target */ = {
			isa = PBXFileSystemSynchronizedBuildFileExceptionSet;
			membershipExceptions = (
				Model/Comment/Comment.swift,
				Model/Comment/StoredComment.swift,
				Model/HNItemType.swift,
				Model/Story/StoredStory.swift,
				Model/Story/Story.swift,
				Service/Comment/CommentStorageProtocol.swift,
				Service/Comment/SwiftDataCommentStore.swift,
				Service/Story/StoryFetchingProtocol.swift,
				Service/Story/StoryStorageProtocol.swift,
				Service/Story/SwiftDataStoryStore.swift,
				ViewModel/StoryViewModel.swift,
			);
			target = 2B4309902FD09A6F004B5EBF /* HackerReaderTests */;
		};
		2B522A432FCE88E800753698 /* Exceptions for "HackerReaderWidget" folder in "HackerReaderWidgetExtension" target */ = {
			isa = PBXFileSystemSynchronizedBuildFileExceptionSet;
			membershipExceptions = (
				Info.plist,
			);
			target = 2B522A342FCE88E700753698 /* HackerReaderWidgetExtension */;
		};
		2B522A4A2FCE8DF400753698 /* Exceptions for "HackerReader" folder in "HackerReaderWidgetExtension" target */ = {
			isa = PBXFileSystemSynchronizedBuildFileExceptionSet;
			membershipExceptions = (
				Model/Comment/Comment.swift,
				Model/Comment/StoredComment.swift,
				Model/HNItemType.swift,
				Model/Story/StoredStory.swift,
				Model/Story/Story.swift,
				Service/Story/StoryStorageProtocol.swift,
				Service/Story/SwiftDataStoryStore.swift,
			);
			target = 2B522A342FCE88E700753698 /* HackerReaderWidgetExtension */;
		};
/* End PBXFileSystemSynchronizedBuildFileExceptionSet section */

/* Begin PBXFileSystemSynchronizedRootGroup section */
		2B4309922FD09A6F004B5EBF /* HackerReaderTests */ = {
			isa = PBXFileSystemSynchronizedRootGroup;
			path = HackerReaderTests;
			sourceTree = "<group>";
		};
		2B522A382FCE88E700753698 /* HackerReaderWidget */ = {
			isa = PBXFileSystemSynchronizedRootGroup;
			exceptions = (
				2B522A432FCE88E800753698 /* Exceptions for "HackerReaderWidget" folder in "HackerReaderWidgetExtension" target */,
			);
			path = HackerReaderWidget;
			sourceTree = "<group>";
		};
		2B833C522FC1F4F70006C2CB /* HackerReader */ = {
			isa = PBXFileSystemSynchronizedRootGroup;
			exceptions = (
				2B522A4A2FCE8DF400753698 /* Exceptions for "HackerReader" folder in "HackerReaderWidgetExtension" target */,
				2B43099B2FD09ED1004B5EBF /* Exceptions for "HackerReader" folder in "HackerReaderTests" target */,
			);
			path = HackerReader;
			sourceTree = "<group>";
		};
/* End PBXFileSystemSynchronizedRootGroup section */

/* Begin PBXFrameworksBuildPhase section */
		2B43098E2FD09A6F004B5EBF /* Frameworks */ = {
			isa = PBXFrameworksBuildPhase;
			buildActionMask = 2147483647;
			files = (
			);
			runOnlyForDeploymentPostprocessing = 0;
		};
		2B522A322FCE88E700753698 /* Frameworks */ = {
			isa = PBXFrameworksBuildPhase;
			buildActionMask = 2147483647;
			files = (
				2B522A372FCE88E700753698 /* SwiftUI.framework in Frameworks */,
				2B522A362FCE88E700753698 /* WidgetKit.framework in Frameworks */,
			);
			runOnlyForDeploymentPostprocessing = 0;
		};
		2B833C4D2FC1F4F70006C2CB /* Frameworks */ = {
			isa = PBXFrameworksBuildPhase;
			buildActionMask = 2147483647;
			files = (
			);
			runOnlyForDeploymentPostprocessing = 0;
		};
/* End PBXFrameworksBuildPhase section */

/* Begin PBXGroup section */
		2B522A1A2FCE888D00753698 /* Frameworks */ = {
			isa = PBXGroup;
			children = (
				2B522A1B2FCE888D00753698 /* WidgetKit.framework */,
				2B522A1D2FCE888D00753698 /* SwiftUI.framework */,
			);
			name = Frameworks;
			sourceTree = "<group>";
		};
		2B833C472FC1F4F70006C2CB = {
			isa = PBXGroup;
			children = (
				2B43098C2FCF9DD7004B5EBF /* HackerReaderWidgetExtension.entitlements */,
				2B522A4F2FCF4C1D00753698 /* ContainerConstruction.swift */,
				2B833C522FC1F4F70006C2CB /* HackerReader */,
				2B522A382FCE88E700753698 /* HackerReaderWidget */,
				2B4309922FD09A6F004B5EBF /* HackerReaderTests */,
				2B522A1A2FCE888D00753698 /* Frameworks */,
				2B833C512FC1F4F70006C2CB /* Products */,
			);
			sourceTree = "<group>";
		};
		2B833C512FC1F4F70006C2CB /* Products */ = {
			isa = PBXGroup;
			children = (
				2B833C502FC1F4F70006C2CB /* HackerReader.app */,
				2B522A352FCE88E700753698 /* HackerReaderWidgetExtension.appex */,
				2B4309912FD09A6F004B5EBF /* HackerReaderTests.xctest */,
			);
			name = Products;
			sourceTree = "<group>";
		};
/* End PBXGroup section */

/* Begin PBXNativeTarget section */
		2B4309902FD09A6F004B5EBF /* HackerReaderTests */ = {
			isa = PBXNativeTarget;
			buildConfigurationList = 2B4309972FD09A6F004B5EBF /* Build configuration list for PBXNativeTarget "HackerReaderTests" */;
			buildPhases = (
				2B43098D2FD09A6F004B5EBF /* Sources */,
				2B43098E2FD09A6F004B5EBF /* Frameworks */,
				2B43098F2FD09A6F004B5EBF /* Resources */,
			);
			buildRules = (
			);
			dependencies = (
				2B4309962FD09A6F004B5EBF /* PBXTargetDependency */,
			);
			fileSystemSynchronizedGroups = (
				2B4309922FD09A6F004B5EBF /* HackerReaderTests */,
			);
			name = HackerReaderTests;
			packageProductDependencies = (
			);
			productName = HackerReaderTests;
			productReference = 2B4309912FD09A6F004B5EBF /* HackerReaderTests.xctest */;
			productType = "com.apple.product-type.bundle.unit-test";
		};
		2B522A342FCE88E700753698 /* HackerReaderWidgetExtension */ = {
			isa = PBXNativeTarget;
			buildConfigurationList = 2B522A442FCE88E800753698 /* Build configuration list for PBXNativeTarget "HackerReaderWidgetExtension" */;
			buildPhases = (
				2B522A312FCE88E700753698 /* Sources */,
				2B522A322FCE88E700753698 /* Frameworks */,
				2B522A332FCE88E700753698 /* Resources */,
			);
			buildRules = (
			);
			dependencies = (
			);
			fileSystemSynchronizedGroups = (
				2B522A382FCE88E700753698 /* HackerReaderWidget */,
			);
			name = HackerReaderWidgetExtension;
			packageProductDependencies = (
			);
			productName = HackerReaderWidgetExtension;
			productReference = 2B522A352FCE88E700753698 /* HackerReaderWidgetExtension.appex */;
			productType = "com.apple.product-type.app-extension";
		};
		2B833C4F2FC1F4F70006C2CB /* HackerReader */ = {
			isa = PBXNativeTarget;
			buildConfigurationList = 2B833C5B2FC1F4F80006C2CB /* Build configuration list for PBXNativeTarget "HackerReader" */;
			buildPhases = (
				2B833C4C2FC1F4F70006C2CB /* Sources */,
				2B833C4D2FC1F4F70006C2CB /* Frameworks */,
				2B833C4E2FC1F4F70006C2CB /* Resources */,
				2B522A302FCE888E00753698 /* Embed Foundation Extensions */,
			);
			buildRules = (
			);
			dependencies = (
				2B522A412FCE88E800753698 /* PBXTargetDependency */,
			);
			fileSystemSynchronizedGroups = (
				2B833C522FC1F4F70006C2CB /* HackerReader */,
			);
			name = HackerReader;
			packageProductDependencies = (
			);
			productName = HackerReader;
			productReference = 2B833C502FC1F4F70006C2CB /* HackerReader.app */;
			productType = "com.apple.product-type.application";
		};
/* End PBXNativeTarget section */

/* Begin PBXProject section */
		2B833C482FC1F4F70006C2CB /* Project object */ = {
			isa = PBXProject;
			attributes = {
				BuildIndependentTargetsInParallel = 1;
				LastSwiftUpdateCheck = 2600;
				LastUpgradeCheck = 2600;
				TargetAttributes = {
					2B4309902FD09A6F004B5EBF = {
						CreatedOnToolsVersion = 26.0;
						TestTargetID = 2B833C4F2FC1F4F70006C2CB;
					};
					2B522A342FCE88E700753698 = {
						CreatedOnToolsVersion = 26.0;
					};
					2B833C4F2FC1F4F70006C2CB = {
						CreatedOnToolsVersion = 26.0;
					};
				};
			};
			buildConfigurationList = 2B833C4B2FC1F4F70006C2CB /* Build configuration list for PBXProject "HackerReader" */;
			developmentRegion = en;
			hasScannedForEncodings = 0;
			knownRegions = (
				en,
				Base,
			);
			mainGroup = 2B833C472FC1F4F70006C2CB;
			minimizedProjectReferenceProxies = 1;
			preferredProjectObjectVersion = 77;
			productRefGroup = 2B833C512FC1F4F70006C2CB /* Products */;
			projectDirPath = "";
			projectRoot = "";
			targets = (
				2B833C4F2FC1F4F70006C2CB /* HackerReader */,
				2B522A342FCE88E700753698 /* HackerReaderWidgetExtension */,
				2B4309902FD09A6F004B5EBF /* HackerReaderTests */,
			);
		};
/* End PBXProject section */

/* Begin PBXResourcesBuildPhase section */
		2B43098F2FD09A6F004B5EBF /* Resources */ = {
			isa = PBXResourcesBuildPhase;
			buildActionMask = 2147483647;
			files = (
			);
			runOnlyForDeploymentPostprocessing = 0;
		};
		2B522A332FCE88E700753698 /* Resources */ = {
			isa = PBXResourcesBuildPhase;
			buildActionMask = 2147483647;
			files = (
			);
			runOnlyForDeploymentPostprocessing = 0;
		};
		2B833C4E2FC1F4F70006C2CB /* Resources */ = {
			isa = PBXResourcesBuildPhase;
			buildActionMask = 2147483647;
			files = (
			);
			runOnlyForDeploymentPostprocessing = 0;
		};
/* End PBXResourcesBuildPhase section */

/* Begin PBXSourcesBuildPhase section */
		2B43098D2FD09A6F004B5EBF /* Sources */ = {
			isa = PBXSourcesBuildPhase;
			buildActionMask = 2147483647;
			files = (
			);
			runOnlyForDeploymentPostprocessing = 0;
		};
		2B522A312FCE88E700753698 /* Sources */ = {
			isa = PBXSourcesBuildPhase;
			buildActionMask = 2147483647;
			files = (
				2B522A512FCF4E1500753698 /* ContainerConstruction.swift in Sources */,
			);
			runOnlyForDeploymentPostprocessing = 0;
		};
		2B833C4C2FC1F4F70006C2CB /* Sources */ = {
			isa = PBXSourcesBuildPhase;
			buildActionMask = 2147483647;
			files = (
				2B522A502FCF4C2200753698 /* ContainerConstruction.swift in Sources */,
			);
			runOnlyForDeploymentPostprocessing = 0;
		};
/* End PBXSourcesBuildPhase section */

/* Begin PBXTargetDependency section */
		2B4309962FD09A6F004B5EBF /* PBXTargetDependency */ = {
			isa = PBXTargetDependency;
			target = 2B833C4F2FC1F4F70006C2CB /* HackerReader */;
			targetProxy = 2B4309952FD09A6F004B5EBF /* PBXContainerItemProxy */;
		};
		2B522A412FCE88E800753698 /* PBXTargetDependency */ = {
			isa = PBXTargetDependency;
			target = 2B522A342FCE88E700753698 /* HackerReaderWidgetExtension */;
			targetProxy = 2B522A402FCE88E800753698 /* PBXContainerItemProxy */;
		};
/* End PBXTargetDependency section */

/* Begin XCBuildConfiguration section */
		2B4309982FD09A6F004B5EBF /* Debug */ = {
			isa = XCBuildConfiguration;
			buildSettings = {
				BUNDLE_LOADER = "$(TEST_HOST)";
				CODE_SIGN_STYLE = Automatic;
				CURRENT_PROJECT_VERSION = 1;
				DEVELOPMENT_TEAM = V94GRK7H5Y;
				GENERATE_INFOPLIST_FILE = YES;
				IPHONEOS_DEPLOYMENT_TARGET = 26.0;
				MARKETING_VERSION = 1.0;
				PRODUCT_BUNDLE_IDENTIFIER = self.HackerReaderTests;
				PRODUCT_NAME = "$(TARGET_NAME)";
				SDKROOT = iphoneos;
				STRING_CATALOG_GENERATE_SYMBOLS = NO;
				SWIFT_APPROACHABLE_CONCURRENCY = YES;
				SWIFT_EMIT_LOC_STRINGS = NO;
				SWIFT_UPCOMING_FEATURE_MEMBER_IMPORT_VISIBILITY = YES;
				SWIFT_VERSION = 5.0;
				TARGETED_DEVICE_FAMILY = "1,2";
				TEST_HOST = "$(BUILT_PRODUCTS_DIR)/HackerReader.app/$(BUNDLE_EXECUTABLE_FOLDER_PATH)/HackerReader";
			};
			name = Debug;
		};
		2B4309992FD09A6F004B5EBF /* Release */ = {
			isa = XCBuildConfiguration;
			buildSettings = {
				BUNDLE_LOADER = "$(TEST_HOST)";
				CODE_SIGN_STYLE = Automatic;
				CURRENT_PROJECT_VERSION = 1;
				DEVELOPMENT_TEAM = V94GRK7H5Y;
				GENERATE_INFOPLIST_FILE = YES;
				IPHONEOS_DEPLOYMENT_TARGET = 26.0;
				MARKETING_VERSION = 1.0;
				PRODUCT_BUNDLE_IDENTIFIER = self.HackerReaderTests;
				PRODUCT_NAME = "$(TARGET_NAME)";
				SDKROOT = iphoneos;
				STRING_CATALOG_GENERATE_SYMBOLS = NO;
				SWIFT_APPROACHABLE_CONCURRENCY = YES;
				SWIFT_EMIT_LOC_STRINGS = NO;
				SWIFT_UPCOMING_FEATURE_MEMBER_IMPORT_VISIBILITY = YES;
				SWIFT_VERSION = 5.0;
				TARGETED_DEVICE_FAMILY = "1,2";
				TEST_HOST = "$(BUILT_PRODUCTS_DIR)/HackerReader.app/$(BUNDLE_EXECUTABLE_FOLDER_PATH)/HackerReader";
				VALIDATE_PRODUCT = YES;
			};
			name = Release;
		};
		2B522A452FCE88E800753698 /* Debug */ = {
			isa = XCBuildConfiguration;
			buildSettings = {
				ASSETCATALOG_COMPILER_GLOBAL_ACCENT_COLOR_NAME = AccentColor;
				ASSETCATALOG_COMPILER_WIDGET_BACKGROUND_COLOR_NAME = WidgetBackground;
				CODE_SIGN_ENTITLEMENTS = HackerReaderWidgetExtension.entitlements;
				CODE_SIGN_STYLE = Automatic;
				CURRENT_PROJECT_VERSION = 1;
				DEVELOPMENT_TEAM = V94GRK7H5Y;
				ENABLE_APP_SANDBOX = YES;
				ENABLE_HARDENED_RUNTIME = YES;
				GENERATE_INFOPLIST_FILE = YES;
				INFOPLIST_FILE = HackerReaderWidget/Info.plist;
				INFOPLIST_KEY_CFBundleDisplayName = HackerReaderWidget;
				INFOPLIST_KEY_NSHumanReadableCopyright = "";
				IPHONEOS_DEPLOYMENT_TARGET = 26.0;
				LD_RUNPATH_SEARCH_PATHS = (
					"$(inherited)",
					"@executable_path/Frameworks",
					"@executable_path/../../Frameworks",
				);
				"LD_RUNPATH_SEARCH_PATHS[sdk=macosx*]" = (
					"$(inherited)",
					"@executable_path/../Frameworks",
					"@executable_path/../../../../Frameworks",
				);
				MACOSX_DEPLOYMENT_TARGET = 15.6;
				MARKETING_VERSION = 1.0;
				PRODUCT_BUNDLE_IDENTIFIER = self.HackerReader.HackerReaderWidget;
				PRODUCT_NAME = "$(TARGET_NAME)";
				REGISTER_APP_GROUPS = YES;
				SDKROOT = auto;
				SKIP_INSTALL = YES;
				STRING_CATALOG_GENERATE_SYMBOLS = YES;
				SUPPORTED_PLATFORMS = "iphoneos iphonesimulator macosx xros xrsimulator";
				SWIFT_APPROACHABLE_CONCURRENCY = YES;
				SWIFT_EMIT_LOC_STRINGS = YES;
				SWIFT_UPCOMING_FEATURE_MEMBER_IMPORT_VISIBILITY = YES;
				SWIFT_VERSION = 5.0;
				TARGETED_DEVICE_FAMILY = "1,2,7";
				XROS_DEPLOYMENT_TARGET = 26.0;
			};
			name = Debug;
		};
		2B522A462FCE88E800753698 /* Release */ = {
			isa = XCBuildConfiguration;
			buildSettings = {
				ASSETCATALOG_COMPILER_GLOBAL_ACCENT_COLOR_NAME = AccentColor;
				ASSETCATALOG_COMPILER_WIDGET_BACKGROUND_COLOR_NAME = WidgetBackground;
				CODE_SIGN_ENTITLEMENTS = HackerReaderWidgetExtension.entitlements;
				CODE_SIGN_STYLE = Automatic;
				CURRENT_PROJECT_VERSION = 1;
				DEVELOPMENT_TEAM = V94GRK7H5Y;
				ENABLE_APP_SANDBOX = YES;
				ENABLE_HARDENED_RUNTIME = YES;
				GENERATE_INFOPLIST_FILE = YES;
				INFOPLIST_FILE = HackerReaderWidget/Info.plist;
				INFOPLIST_KEY_CFBundleDisplayName = HackerReaderWidget;
				INFOPLIST_KEY_NSHumanReadableCopyright = "";
				IPHONEOS_DEPLOYMENT_TARGET = 26.0;
				LD_RUNPATH_SEARCH_PATHS = (
					"$(inherited)",
					"@executable_path/Frameworks",
					"@executable_path/../../Frameworks",
				);
				"LD_RUNPATH_SEARCH_PATHS[sdk=macosx*]" = (
					"$(inherited)",
					"@executable_path/../Frameworks",
					"@executable_path/../../../../Frameworks",
				);
				MACOSX_DEPLOYMENT_TARGET = 15.6;
				MARKETING_VERSION = 1.0;
				PRODUCT_BUNDLE_IDENTIFIER = self.HackerReader.HackerReaderWidget;
				PRODUCT_NAME = "$(TARGET_NAME)";
				REGISTER_APP_GROUPS = YES;
				SDKROOT = auto;
				SKIP_INSTALL = YES;
				STRING_CATALOG_GENERATE_SYMBOLS = YES;
				SUPPORTED_PLATFORMS = "iphoneos iphonesimulator macosx xros xrsimulator";
				SWIFT_APPROACHABLE_CONCURRENCY = YES;
				SWIFT_EMIT_LOC_STRINGS = YES;
				SWIFT_UPCOMING_FEATURE_MEMBER_IMPORT_VISIBILITY = YES;
				SWIFT_VERSION = 5.0;
				TARGETED_DEVICE_FAMILY = "1,2,7";
				XROS_DEPLOYMENT_TARGET = 26.0;
			};
			name = Release;
		};
		2B833C592FC1F4F80006C2CB /* Debug */ = {
			isa = XCBuildConfiguration;
			buildSettings = {
				ALWAYS_SEARCH_USER_PATHS = NO;
				ASSETCATALOG_COMPILER_GENERATE_SWIFT_ASSET_SYMBOL_EXTENSIONS = YES;
				CLANG_ANALYZER_NONNULL = YES;
				CLANG_ANALYZER_NUMBER_OBJECT_CONVERSION = YES_AGGRESSIVE;
				CLANG_CXX_LANGUAGE_STANDARD = "gnu++20";
				CLANG_ENABLE_MODULES = YES;
				CLANG_ENABLE_OBJC_ARC = YES;
				CLANG_ENABLE_OBJC_WEAK = YES;
				CLANG_WARN_BLOCK_CAPTURE_AUTORELEASING = YES;
				CLANG_WARN_BOOL_CONVERSION = YES;
				CLANG_WARN_COMMA = YES;
				CLANG_WARN_CONSTANT_CONVERSION = YES;
				CLANG_WARN_DEPRECATED_OBJC_IMPLEMENTATIONS = YES;
				CLANG_WARN_DIRECT_OBJC_ISA_USAGE = YES_ERROR;
				CLANG_WARN_DOCUMENTATION_COMMENTS = YES;
				CLANG_WARN_EMPTY_BODY = YES;
				CLANG_WARN_ENUM_CONVERSION = YES;
				CLANG_WARN_INFINITE_RECURSION = YES;
				CLANG_WARN_INT_CONVERSION = YES;
				CLANG_WARN_NON_LITERAL_NULL_CONVERSION = YES;
				CLANG_WARN_OBJC_IMPLICIT_RETAIN_SELF = YES;
				CLANG_WARN_OBJC_LITERAL_CONVERSION = YES;
				CLANG_WARN_OBJC_ROOT_CLASS = YES_ERROR;
				CLANG_WARN_QUOTED_INCLUDE_IN_FRAMEWORK_HEADER = YES;
				CLANG_WARN_RANGE_LOOP_ANALYSIS = YES;
				CLANG_WARN_STRICT_PROTOTYPES = YES;
				CLANG_WARN_SUSPICIOUS_MOVE = YES;
				CLANG_WARN_UNGUARDED_AVAILABILITY = YES_AGGRESSIVE;
				CLANG_WARN_UNREACHABLE_CODE = YES;
				CLANG_WARN__DUPLICATE_METHOD_MATCH = YES;
				COPY_PHASE_STRIP = NO;
				DEBUG_INFORMATION_FORMAT = dwarf;
				ENABLE_STRICT_OBJC_MSGSEND = YES;
				ENABLE_TESTABILITY = YES;
				ENABLE_USER_SCRIPT_SANDBOXING = YES;
				GCC_C_LANGUAGE_STANDARD = gnu17;
				GCC_DYNAMIC_NO_PIC = NO;
				GCC_NO_COMMON_BLOCKS = YES;
				GCC_OPTIMIZATION_LEVEL = 0;
				GCC_PREPROCESSOR_DEFINITIONS = (
					"DEBUG=1",
					"$(inherited)",
				);
				GCC_WARN_64_TO_32_BIT_CONVERSION = YES;
				GCC_WARN_ABOUT_RETURN_TYPE = YES_ERROR;
				GCC_WARN_UNDECLARED_SELECTOR = YES;
				GCC_WARN_UNINITIALIZED_AUTOS = YES_AGGRESSIVE;
				GCC_WARN_UNUSED_FUNCTION = YES;
				GCC_WARN_UNUSED_VARIABLE = YES;
				LOCALIZATION_PREFERS_STRING_CATALOGS = YES;
				MTL_ENABLE_DEBUG_INFO = INCLUDE_SOURCE;
				MTL_FAST_MATH = YES;
				ONLY_ACTIVE_ARCH = YES;
				SWIFT_ACTIVE_COMPILATION_CONDITIONS = "DEBUG $(inherited)";
				SWIFT_OPTIMIZATION_LEVEL = "-Onone";
			};
			name = Debug;
		};
		2B833C5A2FC1F4F80006C2CB /* Release */ = {
			isa = XCBuildConfiguration;
			buildSettings = {
				ALWAYS_SEARCH_USER_PATHS = NO;
				ASSETCATALOG_COMPILER_GENERATE_SWIFT_ASSET_SYMBOL_EXTENSIONS = YES;
				CLANG_ANALYZER_NONNULL = YES;
				CLANG_ANALYZER_NUMBER_OBJECT_CONVERSION = YES_AGGRESSIVE;
				CLANG_CXX_LANGUAGE_STANDARD = "gnu++20";
				CLANG_ENABLE_MODULES = YES;
				CLANG_ENABLE_OBJC_ARC = YES;
				CLANG_ENABLE_OBJC_WEAK = YES;
				CLANG_WARN_BLOCK_CAPTURE_AUTORELEASING = YES;
				CLANG_WARN_BOOL_CONVERSION = YES;
				CLANG_WARN_COMMA = YES;
				CLANG_WARN_CONSTANT_CONVERSION = YES;
				CLANG_WARN_DEPRECATED_OBJC_IMPLEMENTATIONS = YES;
				CLANG_WARN_DIRECT_OBJC_ISA_USAGE = YES_ERROR;
				CLANG_WARN_DOCUMENTATION_COMMENTS = YES;
				CLANG_WARN_EMPTY_BODY = YES;
				CLANG_WARN_ENUM_CONVERSION = YES;
				CLANG_WARN_INFINITE_RECURSION = YES;
				CLANG_WARN_INT_CONVERSION = YES;
				CLANG_WARN_NON_LITERAL_NULL_CONVERSION = YES;
				CLANG_WARN_OBJC_IMPLICIT_RETAIN_SELF = YES;
				CLANG_WARN_OBJC_LITERAL_CONVERSION = YES;
				CLANG_WARN_OBJC_ROOT_CLASS = YES_ERROR;
				CLANG_WARN_QUOTED_INCLUDE_IN_FRAMEWORK_HEADER = YES;
				CLANG_WARN_RANGE_LOOP_ANALYSIS = YES;
				CLANG_WARN_STRICT_PROTOTYPES = YES;
				CLANG_WARN_SUSPICIOUS_MOVE = YES;
				CLANG_WARN_UNGUARDED_AVAILABILITY = YES_AGGRESSIVE;
				CLANG_WARN_UNREACHABLE_CODE = YES;
				CLANG_WARN__DUPLICATE_METHOD_MATCH = YES;
				COPY_PHASE_STRIP = NO;
				DEBUG_INFORMATION_FORMAT = "dwarf-with-dsym";
				ENABLE_NS_ASSERTIONS = NO;
				ENABLE_STRICT_OBJC_MSGSEND = YES;
				ENABLE_USER_SCRIPT_SANDBOXING = YES;
				GCC_C_LANGUAGE_STANDARD = gnu17;
				GCC_NO_COMMON_BLOCKS = YES;
				GCC_WARN_64_TO_32_BIT_CONVERSION = YES;
				GCC_WARN_ABOUT_RETURN_TYPE = YES_ERROR;
				GCC_WARN_UNDECLARED_SELECTOR = YES;
				GCC_WARN_UNINITIALIZED_AUTOS = YES_AGGRESSIVE;
				GCC_WARN_UNUSED_FUNCTION = YES;
				GCC_WARN_UNUSED_VARIABLE = YES;
				LOCALIZATION_PREFERS_STRING_CATALOGS = YES;
				MTL_ENABLE_DEBUG_INFO = NO;
				MTL_FAST_MATH = YES;
				SWIFT_COMPILATION_MODE = wholemodule;
			};
			name = Release;
		};
		2B833C5C2FC1F4F80006C2CB /* Debug */ = {
			isa = XCBuildConfiguration;
			buildSettings = {
				ASSETCATALOG_COMPILER_APPICON_NAME = AppIcon;
				ASSETCATALOG_COMPILER_GLOBAL_ACCENT_COLOR_NAME = AccentColor;
				CODE_SIGN_ENTITLEMENTS = HackerReader/HackerReader.entitlements;
				CODE_SIGN_STYLE = Automatic;
				CURRENT_PROJECT_VERSION = 1;
				DEVELOPMENT_TEAM = V94GRK7H5Y;
				ENABLE_APP_SANDBOX = YES;
				ENABLE_PREVIEWS = YES;
				ENABLE_USER_SELECTED_FILES = readonly;
				GENERATE_INFOPLIST_FILE = YES;
				"INFOPLIST_KEY_UIApplicationSceneManifest_Generation[sdk=iphoneos*]" = YES;
				"INFOPLIST_KEY_UIApplicationSceneManifest_Generation[sdk=iphonesimulator*]" = YES;
				"INFOPLIST_KEY_UIApplicationSupportsIndirectInputEvents[sdk=iphoneos*]" = YES;
				"INFOPLIST_KEY_UIApplicationSupportsIndirectInputEvents[sdk=iphonesimulator*]" = YES;
				"INFOPLIST_KEY_UILaunchScreen_Generation[sdk=iphoneos*]" = YES;
				"INFOPLIST_KEY_UILaunchScreen_Generation[sdk=iphonesimulator*]" = YES;
				"INFOPLIST_KEY_UIStatusBarStyle[sdk=iphoneos*]" = UIStatusBarStyleDefault;
				"INFOPLIST_KEY_UIStatusBarStyle[sdk=iphonesimulator*]" = UIStatusBarStyleDefault;
				INFOPLIST_KEY_UISupportedInterfaceOrientations_iPad = "UIInterfaceOrientationPortrait UIInterfaceOrientationPortraitUpsideDown UIInterfaceOrientationLandscapeLeft UIInterfaceOrientationLandscapeRight";
				INFOPLIST_KEY_UISupportedInterfaceOrientations_iPhone = "UIInterfaceOrientationPortrait UIInterfaceOrientationLandscapeLeft UIInterfaceOrientationLandscapeRight";
				IPHONEOS_DEPLOYMENT_TARGET = 26.0;
				LD_RUNPATH_SEARCH_PATHS = "@executable_path/Frameworks";
				"LD_RUNPATH_SEARCH_PATHS[sdk=macosx*]" = "@executable_path/../Frameworks";
				MACOSX_DEPLOYMENT_TARGET = 15.6;
				MARKETING_VERSION = 1.0;
				PRODUCT_BUNDLE_IDENTIFIER = self.HackerReader;
				PRODUCT_NAME = "$(TARGET_NAME)";
				REGISTER_APP_GROUPS = YES;
				SDKROOT = auto;
				STRING_CATALOG_GENERATE_SYMBOLS = YES;
				SUPPORTED_PLATFORMS = "iphoneos iphonesimulator macosx xros xrsimulator";
				SWIFT_APPROACHABLE_CONCURRENCY = YES;
				SWIFT_DEFAULT_ACTOR_ISOLATION = MainActor;
				SWIFT_EMIT_LOC_STRINGS = YES;
				SWIFT_UPCOMING_FEATURE_MEMBER_IMPORT_VISIBILITY = YES;
				SWIFT_VERSION = 5.0;
				TARGETED_DEVICE_FAMILY = "1,2,7";
				XROS_DEPLOYMENT_TARGET = 26.0;
			};
			name = Debug;
		};
		2B833C5D2FC1F4F80006C2CB /* Release */ = {
			isa = XCBuildConfiguration;
			buildSettings = {
				ASSETCATALOG_COMPILER_APPICON_NAME = AppIcon;
				ASSETCATALOG_COMPILER_GLOBAL_ACCENT_COLOR_NAME = AccentColor;
				CODE_SIGN_ENTITLEMENTS = HackerReader/HackerReader.entitlements;
				CODE_SIGN_STYLE = Automatic;
				CURRENT_PROJECT_VERSION = 1;
				DEVELOPMENT_TEAM = V94GRK7H5Y;
				ENABLE_APP_SANDBOX = YES;
				ENABLE_PREVIEWS = YES;
				ENABLE_USER_SELECTED_FILES = readonly;
				GENERATE_INFOPLIST_FILE = YES;
				"INFOPLIST_KEY_UIApplicationSceneManifest_Generation[sdk=iphoneos*]" = YES;
				"INFOPLIST_KEY_UIApplicationSceneManifest_Generation[sdk=iphonesimulator*]" = YES;
				"INFOPLIST_KEY_UIApplicationSupportsIndirectInputEvents[sdk=iphoneos*]" = YES;
				"INFOPLIST_KEY_UIApplicationSupportsIndirectInputEvents[sdk=iphonesimulator*]" = YES;
				"INFOPLIST_KEY_UILaunchScreen_Generation[sdk=iphoneos*]" = YES;
				"INFOPLIST_KEY_UILaunchScreen_Generation[sdk=iphonesimulator*]" = YES;
				"INFOPLIST_KEY_UIStatusBarStyle[sdk=iphoneos*]" = UIStatusBarStyleDefault;
				"INFOPLIST_KEY_UIStatusBarStyle[sdk=iphonesimulator*]" = UIStatusBarStyleDefault;
				INFOPLIST_KEY_UISupportedInterfaceOrientations_iPad = "UIInterfaceOrientationPortrait UIInterfaceOrientationPortraitUpsideDown UIInterfaceOrientationLandscapeLeft UIInterfaceOrientationLandscapeRight";
				INFOPLIST_KEY_UISupportedInterfaceOrientations_iPhone = "UIInterfaceOrientationPortrait UIInterfaceOrientationLandscapeLeft UIInterfaceOrientationLandscapeRight";
				IPHONEOS_DEPLOYMENT_TARGET = 26.0;
				LD_RUNPATH_SEARCH_PATHS = "@executable_path/Frameworks";
				"LD_RUNPATH_SEARCH_PATHS[sdk=macosx*]" = "@executable_path/../Frameworks";
				MACOSX_DEPLOYMENT_TARGET = 15.6;
				MARKETING_VERSION = 1.0;
				PRODUCT_BUNDLE_IDENTIFIER = self.HackerReader;
				PRODUCT_NAME = "$(TARGET_NAME)";
				REGISTER_APP_GROUPS = YES;
				SDKROOT = auto;
				STRING_CATALOG_GENERATE_SYMBOLS = YES;
				SUPPORTED_PLATFORMS = "iphoneos iphonesimulator macosx xros xrsimulator";
				SWIFT_APPROACHABLE_CONCURRENCY = YES;
				SWIFT_DEFAULT_ACTOR_ISOLATION = MainActor;
				SWIFT_EMIT_LOC_STRINGS = YES;
				SWIFT_UPCOMING_FEATURE_MEMBER_IMPORT_VISIBILITY = YES;
				SWIFT_VERSION = 5.0;
				TARGETED_DEVICE_FAMILY = "1,2,7";
				XROS_DEPLOYMENT_TARGET = 26.0;
			};
			name = Release;
		};
/* End XCBuildConfiguration section */

/* Begin XCConfigurationList section */
		2B4309972FD09A6F004B5EBF /* Build configuration list for PBXNativeTarget "HackerReaderTests" */ = {
			isa = XCConfigurationList;
			buildConfigurations = (
				2B4309982FD09A6F004B5EBF /* Debug */,
				2B4309992FD09A6F004B5EBF /* Release */,
			);
			defaultConfigurationIsVisible = 0;
			defaultConfigurationName = Release;
		};
		2B522A442FCE88E800753698 /* Build configuration list for PBXNativeTarget "HackerReaderWidgetExtension" */ = {
			isa = XCConfigurationList;
			buildConfigurations = (
				2B522A452FCE88E800753698 /* Debug */,
				2B522A462FCE88E800753698 /* Release */,
			);
			defaultConfigurationIsVisible = 0;
			defaultConfigurationName = Release;
		};
		2B833C4B2FC1F4F70006C2CB /* Build configuration list for PBXProject "HackerReader" */ = {
			isa = XCConfigurationList;
			buildConfigurations = (
				2B833C592FC1F4F80006C2CB /* Debug */,
				2B833C5A2FC1F4F80006C2CB /* Release */,
			);
			defaultConfigurationIsVisible = 0;
			defaultConfigurationName = Release;
		};
		2B833C5B2FC1F4F80006C2CB /* Build configuration list for PBXNativeTarget "HackerReader" */ = {
			isa = XCConfigurationList;
			buildConfigurations = (
				2B833C5C2FC1F4F80006C2CB /* Debug */,
				2B833C5D2FC1F4F80006C2CB /* Release */,
			);
			defaultConfigurationIsVisible = 0;
			defaultConfigurationName = Release;
		};
/* End XCConfigurationList section */
	};
	rootObject = 2B833C482FC1F4F70006C2CB /* Project object */;
}
